
Microsoft Visual Studio Solution File, Format Version 12.00
# Visual Studio Version 17
VisualStudioVersion = 17.6.33829.357
MinimumVisualStudioVersion = 10.0.40219.1
Project("{888888A0-9F3D-457C-B088-3A5042F75D52}") = "CarPollution", "CarPollution.pyproj", "{578E4B79-3EE2-412C-A0BB-53B948D1675D}"
EndProject
Global
	GlobalSection(SolutionConfigurationPlatforms) = preSolution
		Debug|Any CPU = Debug|Any CPU
		Release|Any CPU = Release|Any CPU
	EndGlobalSection
	GlobalSection(ProjectConfigurationPlatforms) = postSolution
		{578E4B79-3EE2-412C-A0BB-53B948D1675D}.Debug|Any CPU.ActiveCfg = Debug|Any CPU
		{578E4B79-3EE2-412C-A0BB-53B948D1675D}.Release|Any CPU.ActiveCfg = Release|Any CPU
	EndGlobalSection
	GlobalSection(SolutionProperties) = preSolution
		HideSolutionNode = FALSE
	EndGlobalSection
	GlobalSection(ExtensibilityGlobals) = postSolution
		SolutionGuid = {4F3D3213-12DF-48F2-B227-FEF319DE1A81}
	EndGlobalSection
EndGlobal
